%{"cowboy": {:package, "1.0.0"},
  "cowlib": {:package, "1.0.0"},
  "decimal": {:package, "0.2.4"},
  "ecto": {:package, "0.2.3"},
  "jazz": {:package, "0.2.1"},
  "plug": {:package, "0.7.0"},
  "plug_json_parser": {:git, "git://github.com/alanpeabody/plug_json_parser.git", "35a2b2ac529269cebc3d8216560bbccb6b755712", [branch: "update-dependencies"]},
  "poison": {:package, "1.0.3"},
  "poolboy": {:package, "1.2.1"},
  "postgrex": {:package, "0.5.4"},
  "ranch": {:package, "1.0.0"},
  "timex": {:package, "0.12.5"}}
